
Microsoft Visual Studio Solution File, Format Version 12.00
# Visual Studio Version 17
VisualStudioVersion = 17.9.34714.143
MinimumVisualStudioVersion = 10.0.40219.1
Project("{FAE04EC0-301F-11D3-BF4B-00C04F79EFBC}") = "EntityFrameworkCore", "EntityFrameworkCore\EntityFrameworkCore.csproj", "{CAB94C58-CFA6-4F72-A5BF-7C9758DEBC4C}"
EndProject
Global
	GlobalSection(SolutionConfigurationPlatforms) = preSolution
		Debug|Any CPU = Debug|Any CPU
		Release|Any CPU = Release|Any CPU
	EndGlobalSection
	GlobalSection(ProjectConfigurationPlatforms) = postSolution
		{CAB94C58-CFA6-4F72-A5BF-7C9758DEBC4C}.Debug|Any CPU.ActiveCfg = Debug|Any CPU
		{CAB94C58-CFA6-4F72-A5BF-7C9758DEBC4C}.Debug|Any CPU.Build.0 = Debug|Any CPU
		{CAB94C58-CFA6-4F72-A5BF-7C9758DEBC4C}.Release|Any CPU.ActiveCfg = Release|Any CPU
		{CAB94C58-CFA6-4F72-A5BF-7C9758DEBC4C}.Release|Any CPU.Build.0 = Release|Any CPU
	EndGlobalSection
	GlobalSection(SolutionProperties) = preSolution
		HideSolutionNode = FALSE
	EndGlobalSection
	GlobalSection(ExtensibilityGlobals) = postSolution
		SolutionGuid = {B40597E8-9D39-4B82-B086-80D2D4A16166}
	EndGlobalSection
EndGlobal
